version = 1
revision = 3
requires-python = ">=3.10"
resolution-markers = [
    "python_full_version >= '3.12' and sys_platform == 'linux'",
    "python_full_version == '3.11.*' and sys_platform == 'linux'",
    "python_full_version < '3.11' and sys_platform == 'linux'",
    "sys_platform == 'darwin'",
]
supported-markers = [
    "sys_platform == 'linux'",
    "sys_platform == 'darwin'",
]

[[package]]
name = "numpy"
version = "2.2.6"
source = { registry = "https://pypi.org/simple" }
resolution-markers = [
    "python_full_version < '3.11' and sys_platform == 'linux'",
]
sdist = { url = "https://files.pythonhosted.org/packages/76/21/7d2a95e4bba9dc13d043ee156a356c0a8f0c6309dff6b21b4d71a073b8a8/numpy-2.2.6.tar.gz", hash = "sha256:e29554e2bef54a90aa5cc07da6ce955accb83f21ab5de01a62c8478897b264fd", size = 20276440, upload-time = "2025-05-17T22:38:04.611Z" }
wheels = [
    { url = "https://files.pythonhosted.org/packages/eb/17/96a3acd228cec142fcb8723bd3cc39c2a474f7dcf0a5d16731980bcafa95/numpy-2.2.6-cp310-cp310-manylinux_2_17_aarch64.manylinux2014_aarch64.whl", hash = "sha256:efd28d4e9cd7d7a8d39074a4d44c63eda73401580c5c76acda2ce969e0a38e83", size = 14297320, upload-time = "2025-05-17T21:29:02.78Z" },
    { url = "https://files.pythonhosted.org/packages/b4/63/3de6a34ad7ad6646ac7d2f55ebc6ad439dbbf9c4370017c50cf403fb19b5/numpy-2.2.6-cp310-cp310-manylinux_2_17_x86_64.manylinux2014_x86_64.whl", hash = "sha256:fc7b73d02efb0e18c000e9ad8b83480dfcd5dfd11065997ed4c6747470ae8915", size = 16801050, upload-time = "2025-05-17T21:29:27.675Z" },
    { url = "https://files.pythonhosted.org/packages/07/b6/89d837eddef52b3d0cec5c6ba0456c1bf1b9ef6a6672fc2b7873c3ec4e2e/numpy-2.2.6-cp310-cp310-musllinux_1_2_aarch64.whl", hash = "sha256:74d4531beb257d2c3f4b261bfb0fc09e0f9ebb8842d82a7b4209415896adc680", size = 15807034, upload-time = "2025-05-17T21:29:51.102Z" },
    { url = "https://files.pythonhosted.org/packages/01/c8/dc6ae86e3c61cfec1f178e5c9f7858584049b6093f843bca541f94120920/numpy-2.2.6-cp310-cp310-musllinux_1_2_x86_64.whl", hash = "sha256:8fc377d995680230e83241d8a96def29f204b5782f371c532579b4f20607a289", size = 18614185, upload-time = "2025-05-17T21:30:18.703Z" },
    { url = "https://files.pythonhosted.org/packages/52/b8/7f0554d49b565d0171eab6e99001846882000883998e7b7d9f0d98b1f934/numpy-2.2.6-cp311-cp311-manylinux_2_17_aarch64.manylinux2014_aarch64.whl", hash = "sha256:b64d8d4d17135e00c8e346e0a738deb17e754230d7e0810ac5012750bbd85a5a", size = 14312005, upload-time = "2025-05-17T21:32:23.332Z" },
    { url = "https://files.pythonhosted.org/packages/b3/dd/2238b898e51bd6d389b7389ffb20d7f4c10066d80351187ec8e303a5a475/numpy-2.2.6-cp311-cp311-manylinux_2_17_x86_64.manylinux2014_x86_64.whl", hash = "sha256:ba10f8411898fc418a521833e014a77d3ca01c15b0c6cdcce6a0d2897e6dbbdf", size = 16821570, upload-time = "2025-05-17T21:32:47.991Z" },
    { url = "https://files.pythonhosted.org/packages/83/6c/44d0325722cf644f191042bf47eedad61c1e6df2432ed65cbe28509d404e/numpy-2.2.6-cp311-cp311-musllinux_1_2_aarch64.whl", hash = "sha256:bd48227a919f1bafbdda0583705e547892342c26fb127219d60a5c36882609d1", size = 15818548, upload-time = "2025-05-17T21:33:11.728Z" },
    { url = "https://files.pythonhosted.org/packages/ae/9d/81e8216030ce66be25279098789b665d49ff19eef08bfa8cb96d4957f422/numpy-2.2.6-cp311-cp311-musllinux_1_2_x86_64.whl", hash = "sha256:9551a499bf125c1d4f9e250377c1ee2eddd02e01eac6644c080162c0c51778ab", size = 18620521, upload-time = "2025-05-17T21:33:39.139Z" },
    { url = "https://files.pythonhosted.org/packages/f8/35/8c80729f1ff76b3921d5c9487c7ac3de9b2a103b1cd05e905b3090513510/numpy-2.2.6-cp312-cp312-manylinux_2_17_aarch64.manylinux2014_aarch64.whl", hash = "sha256:f2618db89be1b4e05f7a1a847a9c1c0abd63e63a1607d892dd54668dd92faf87", size = 14018462, upload-time = "2025-05-17T21:35:42.174Z" },
    { url = "https://files.pythonhosted.org/packages/8c/3d/1e1db36cfd41f895d266b103df00ca5b3cbe965184df824dec5c08c6b803/numpy-2.2.6-cp312-cp312-manylinux_2_17_x86_64.manylinux2014_x86_64.whl", hash = "sha256:fd83c01228a688733f1ded5201c678f0c53ecc1006ffbc404db9f7a899ac6249", size = 16527618, upload-time = "2025-05-17T21:36:06.711Z" },
    { url = "https://files.pythonhosted.org/packages/61/c6/03ed30992602c85aa3cd95b9070a514f8b3c33e31124694438d88809ae36/numpy-2.2.6-cp312-cp312-musllinux_1_2_aarch64.whl", hash = "sha256:37c0ca431f82cd5fa716eca9506aefcabc247fb27ba69c5062a6d3ade8cf8f49", size = 15505511, upload-time = "2025-05-17T21:36:29.965Z" },
    { url = "https://files.pythonhosted.org/packages/b7/25/5761d832a81df431e260719ec45de696414266613c9ee268394dd5ad8236/numpy-2.2.6-cp312-cp312-musllinux_1_2_x86_64.whl", hash = "sha256:fe27749d33bb772c80dcd84ae7e8df2adc920ae8297400dabec45f0dedb3f6de", size = 18313783, upload-time = "2025-05-17T21:36:56.883Z" },
    { url = "https://files.pythonhosted.org/packages/85/c5/e19c8f99d83fd377ec8c7e0cf627a8049746da54afc24ef0a0cb73d5dfb5/numpy-2.2.6-cp313-cp313-manylinux_2_17_aarch64.manylinux2014_aarch64.whl", hash = "sha256:f92729c95468a2f4f15e9bb94c432a9229d0d50de67304399627a943201baa2f", size = 14010719, upload-time = "2025-05-17T21:38:58.433Z" },
    { url = "https://files.pythonhosted.org/packages/19/49/4df9123aafa7b539317bf6d342cb6d227e49f7a35b99c287a6109b13dd93/numpy-2.2.6-cp313-cp313-manylinux_2_17_x86_64.manylinux2014_x86_64.whl", hash = "sha256:1bc23a79bfabc5d056d106f9befb8d50c31ced2fbc70eedb8155aec74a45798f", size = 16526072, upload-time = "2025-05-17T21:39:22.638Z" },
    { url = "https://files.pythonhosted.org/packages/b2/6c/04b5f47f4f32f7c2b0e7260442a8cbcf8168b0e1a41ff1495da42f42a14f/numpy-2.2.6-cp313-cp313-musllinux_1_2_aarch64.whl", hash = "sha256:e3143e4451880bed956e706a3220b4e5cf6172ef05fcc397f6f36a550b1dd868", size = 15503213, upload-time = "2025-05-17T21:39:45.865Z" },
    { url = "https://files.pythonhosted.org/packages/17/0a/5cd92e352c1307640d5b6fec1b2ffb06cd0dabe7d7b8227f97933d378422/numpy-2.2.6-cp313-cp313-musllinux_1_2_x86_64.whl", hash = "sha256:b4f13750ce79751586ae2eb824ba7e1e8dba64784086c98cdbbcc6a42112ce0d", size = 18316632, upload-time = "2025-05-17T21:40:13.331Z" },
    { url = "https://files.pythonhosted.org/packages/b7/30/172c2d5c4be71fdf476e9de553443cf8e25feddbe185e0bd88b096915bcc/numpy-2.2.6-cp313-cp313t-manylinux_2_17_aarch64.manylinux2014_aarch64.whl", hash = "sha256:e1dda9c7e08dc141e0247a5b8f49cf05984955246a327d4c48bda16821947b2f", size = 14077935, upload-time = "2025-05-17T21:41:49.738Z" },
    { url = "https://files.pythonhosted.org/packages/12/fb/9e743f8d4e4d3c710902cf87af3512082ae3d43b945d5d16563f26ec251d/numpy-2.2.6-cp313-cp313t-manylinux_2_17_x86_64.manylinux2014_x86_64.whl", hash = "sha256:f447e6acb680fd307f40d3da4852208af94afdfab89cf850986c3ca00562f4fa", size = 16600122, upload-time = "2025-05-17T21:42:14.046Z" },
    { url = "https://files.pythonhosted.org/packages/12/75/ee20da0e58d3a66f204f38916757e01e33a9737d0b22373b3eb5a27358f9/numpy-2.2.6-cp313-cp313t-musllinux_1_2_aarch64.whl", hash = "sha256:389d771b1623ec92636b0786bc4ae56abafad4a4c513d36a55dce14bd9ce8571", size = 15586143, upload-time = "2025-05-17T21:42:37.464Z" },
    { url = "https://files.pythonhosted.org/packages/76/95/bef5b37f29fc5e739947e9ce5179ad402875633308504a52d188302319c8/numpy-2.2.6-cp313-cp313t-musllinux_1_2_x86_64.whl", hash = "sha256:8e9ace4a37db23421249ed236fdcdd457d671e25146786dfc96835cd951aa7c1", size = 18385260, upload-time = "2025-05-17T21:43:05.189Z" },
    { url = "https://files.pythonhosted.org/packages/af/30/feba75f143bdc868a1cc3f44ccfa6c4b9ec522b36458e738cd00f67b573f/numpy-2.2.6-pp310-pypy310_pp73-manylinux_2_17_x86_64.manylinux2014_x86_64.whl", hash = "sha256:ce47521a4754c8f4593837384bd3424880629f718d87c5d44f8ed763edd63543", size = 16643476, upload-time = "2025-05-17T21:45:11.871Z" },
]

[[package]]
name = "numpy"
version = "2.4.6"
source = { registry = "https://pypi.org/simple" }
resolution-markers = [
    "python_full_version == '3.11.*' and sys_platform == 'linux'",
]
sdist = { url = "https://files.pythonhosted.org/packages/d0/ad/fed0499ce6a338d2a03ebae59cd15093910c8875328855781952abf6c2fe/numpy-2.4.6.tar.gz", hash = "sha256:f3a3570c4a2a16746ac2c31a7c7c7b0c186b95ce902e33db6f28094ed7387dda", size = 20735807, upload-time = "2026-05-18T23:37:14.07Z" }
wheels = [
    { url = "https://files.pythonhosted.org/packages/33/a8/6fa8c1a345a8c85dbb21932c447bee07c30a2c2a3f31e369c0a84b300147/numpy-2.4.6-cp311-cp311-manylinux_2_27_aarch64.manylinux_2_28_aarch64.whl", hash = "sha256:0ab0a9c4ffb1a6d95ef519fe4247dba8eb6b18ad93999f76b7f657039acabd47", size = 15966692, upload-time = "2026-05-18T23:33:26.62Z" },
    { url = "https://files.pythonhosted.org/packages/02/03/74fe2a4cb3817d94d86402f2506554130a2f01414e299b5a843e5a8a957f/numpy-2.4.6-cp311-cp311-manylinux_2_27_x86_64.manylinux_2_28_x86_64.whl", hash = "sha256:89cd468399cfd2504718f0ba50e410dca55a170b61a02ad92bb18c8a65186e93", size = 16918164, upload-time = "2026-05-18T23:33:29.955Z" },
    { url = "https://files.pythonhosted.org/packages/c5/80/3615be3313f7e7696609bc194b9f0101da809df79e859bdb84e0cd043f46/numpy-2.4.6-cp311-cp311-musllinux_1_2_aarch64.whl", hash = "sha256:c2d37ab77531417474168eb79d6d80b14f821a966818505d03013d0833edb7a8", size = 17322877, upload-time = "2026-05-18T23:33:34.724Z" },
    { url = "https://files.pythonhosted.org/packages/ca/ac/a691e0fe2675e370d0e08ff905adc49a1c8830e8cae03efe4477e92cd55d/numpy-2.4.6-cp311-cp311-musllinux_1_2_x86_64.whl", hash = "sha256:f407cb6b8e9d6d8c626bc73c945db1706035af8fd632295547bf1c9e46d092d6", size = 18651487, upload-time = "2026-05-18T23:33:38.217Z" },
    { url = "https://files.pythonhosted.org/packages/c9/c6/50a46a6205feba2343f1d6d17438107c5dc491ed1c736e6ea68689fd906b/numpy-2.4.6-cp312-cp312-manylinux_2_27_aarch64.manylinux_2_28_aarch64.whl", hash = "sha256:5f9fb9157b4ce2971008323afe46053787b526ef624fea915b261468a8421a0f", size = 15671012, upload-time = "2026-05-18T23:34:05.485Z" },
    { url = "https://files.pythonhosted.org/packages/99/60/14115e6364fa676c5397c2ad3004e527e9aa487abf5d0706ec81bbd08529/numpy-2.4.6-cp312-cp312-manylinux_2_27_x86_64.manylinux_2_28_x86_64.whl", hash = "sha256:90f9849678c75fe7afa2d348ac842c168b0a4d3d61919687216dfc547976d853", size = 16645538, upload-time = "2026-05-18T23:34:09.265Z" },
    { url = "https://files.pythonhosted.org/packages/ae/c5/693cbe59e57db94d2231fa519ca3978dc9e19da5a8f088588f5c6e947ff2/numpy-2.4.6-cp312-cp312-musllinux_1_2_aarch64.whl", hash = "sha256:c1a2af6c6ef86344a6b0db6b97834208bf598db514f2b155042439b62605601a", size = 17020706, upload-time = "2026-05-18T23:34:13.053Z" },
    { url = "https://files.pythonhosted.org/packages/ef/fc/85b7c4eff9b4966ade25c2273cf7e7012e92366c032058653934b37de044/numpy-2.4.6-cp312-cp312-musllinux_1_2_x86_64.whl", hash = "sha256:e5805d5a22fd19c8ccff10a9561f9df94436b0545619ea579db2d3c35294bce2", size = 18368541, upload-time = "2026-05-18T23:34:17.024Z" },
    { url = "https://files.pythonhosted.org/packages/bb/c5/7b863a97a91671a0338f4253bd3b5a3d3852f0692dae91711c9f4a10e787/numpy-2.4.6-cp313-cp313-manylinux_2_27_aarch64.manylinux_2_28_aarch64.whl", hash = "sha256:72fbe16c6fac95aedf5937fa873445cec2110be35d8a4e9433d7501fd98dae6b", size = 15669392, upload-time = "2026-05-18T23:34:41.257Z" },
    { url = "https://files.pythonhosted.org/packages/a5/9d/3584b9984ca4c047aea75214ce1a4c4c73d849bd71b604264b7f5653f8a8/numpy-2.4.6-cp313-cp313-manylinux_2_27_x86_64.manylinux_2_28_x86_64.whl", hash = "sha256:a7830bab239b79cda9c08c2da014761cafb48da6150e1da17ac06283f43b6089", size = 16633220, upload-time = "2026-05-18T23:34:45.075Z" },
    { url = "https://files.pythonhosted.org/packages/05/ae/7c67fba23bd98caec7c99261f3a16072ade14813486b0282cb29846de832/numpy-2.4.6-cp313-cp313-musllinux_1_2_aarch64.whl", hash = "sha256:ef4aea96ce4d3b074422cb4f2f64e216bf9e213004bb58ecfdf50ea02ea8eb9a", size = 17020800, upload-time = "2026-05-18T23:34:49.065Z" },
    { url = "https://files.pythonhosted.org/packages/d9/5d/3b6725cb31d983c5e66916f5d36f6d7e5521129e4c4404d64f918292a5b6/numpy-2.4.6-cp313-cp313-musllinux_1_2_x86_64.whl", hash = "sha256:dfa20cc6ca228e6b155b11da03825975ce66aea520985dbbddf0f2a5a495c605", size = 18357600, upload-time = "2026-05-18T23:34:52.709Z" },
    { url = "https://files.pythonhosted.org/packages/eb/0f/037e64c494b67581ae18193d770adef354c41f3f2c8ebf865602d949bf8f/numpy-2.4.6-cp313-cp313t-manylinux_2_27_aarch64.manylinux_2_28_aarch64.whl", hash = "sha256:f74a575920ab21fe304421a3fc28793d82e299cae9eccb37084e9fc7f3617c20", size = 15728070, upload-time = "2026-05-18T23:35:14.79Z" },
    { url = "https://files.pythonhosted.org/packages/21/a6/5d2bae9c9542eb4df16dc9c46dc79c186e9bad53805dfa5399a6023c6db0/numpy-2.4.6-cp313-cp313t-manylinux_2_27_x86_64.manylinux_2_28_x86_64.whl", hash = "sha256:ede83e07a75dd06bc501566c1eca2afc0d61677c1472ac9ad93fdee6e638a48d", size = 16681752, upload-time = "2026-05-18T23:35:18.836Z" },
    { url = "https://files.pythonhosted.org/packages/92/14/23d1dfb410ae362cd59ce53e936b1513d545eb40db3949ced632e19a459e/numpy-2.4.6-cp313-cp313t-musllinux_1_2_aarch64.whl", hash = "sha256:68bb27509ac1b9a3443094260f6326150663b06abe40b73a2f81160623da5b67", size = 17086024, upload-time = "2026-05-18T23:35:22.52Z" },
    { url = "https://files.pythonhosted.org/packages/4b/6e/23595a2c642cdf3bc567877064bdd7f91c8b0038a4453cf2daf7248eafe9/numpy-2.4.6-cp313-cp313t-musllinux_1_2_x86_64.whl", hash = "sha256:a0df0043bdb289bde1f62da130d20df23d58b45429f752bc7a8fc5325a225ecd", size = 18403398, upload-time = "2026-05-18T23:35:26.398Z" },
    { url = "https://files.pythonhosted.org/packages/d5/91/64288395ee1799bd2e0b04a305dce9666da90c961e1f3fe982a05ee1c036/numpy-2.4.6-cp314-cp314-manylinux_2_27_aarch64.manylinux_2_28_aarch64.whl", hash = "sha256:40fdc1ae7125e518ea98e53e69a4ebc27e1fd50510c47b7ea130cf21e5e1d42b", size = 15685197, upload-time = "2026-05-18T23:35:50.863Z" },
    { url = "https://files.pythonhosted.org/packages/f3/eb/ebffaa97dc55502df69584a8f0dcf07f69a3e0b3e2323670a2722db9aa39/numpy-2.4.6-cp314-cp314-manylinux_2_27_x86_64.manylinux_2_28_x86_64.whl", hash = "sha256:a2c306dea656c12c68f51f4cea133cbe78ca7435eb28c735eac1d3ebe73be6e8", size = 16638245, upload-time = "2026-05-18T23:35:54.752Z" },
    { url = "https://files.pythonhosted.org/packages/b8/0b/54f9da33128d7e350fab89c7455902eeae70349ee52bddb448dc4a576f45/numpy-2.4.6-cp314-cp314-musllinux_1_2_aarch64.whl", hash = "sha256:33111801a01c12a8a1e3721f0a9232f8cfc8ae2c6b7098167e6f623c6073f402", size = 17036587, upload-time = "2026-05-18T23:35:58.355Z" },
    { url = "https://files.pythonhosted.org/packages/b6/f0/fdebc1052db1cc37c64beb22072d67cd6d1c71adca1299f53dec2b5e20d3/numpy-2.4.6-cp314-cp314-musllinux_1_2_x86_64.whl", hash = "sha256:ae506e6902902557576a26ff33eda8695e7ecb3cb36c3b573a0765dee114ebdb", size = 18363226, upload-time = "2026-05-18T23:36:02.845Z" },
    { url = "https://files.pythonhosted.org/packages/82/dd/1206a7ca6ab15e3f02069707ca96222e202af681bb73756da7527f3cb837/numpy-2.4.6-cp314-cp314t-manylinux_2_27_aarch64.manylinux_2_28_aarch64.whl", hash = "sha256:9cd5ffd25db4e7ba6a375693b3fc0fc1791ec636c17db3720da19bde7180ec43", size = 15730496, upload-time = "2026-05-18T23:36:25.713Z" },
    { url = "https://files.pythonhosted.org/packages/51/e7/38d3ea825dcab85a591734decb2f6c67caa7c8367d374df1a1c3842f9b07/numpy-2.4.6-cp314-cp314t-manylinux_2_27_x86_64.manylinux_2_28_x86_64.whl", hash = "sha256:7d92c3819208a60205a12a245c91ad70cb0a85336659b19b834205573ac8456e", size = 16679616, upload-time = "2026-05-18T23:36:29.652Z" },
    { url = "https://files.pythonhosted.org/packages/93/b7/caabfdf53edf663e0b4eb74d7d405d83baef09eb5e83bcd32d601d72b93e/numpy-2.4.6-cp314-cp314t-musllinux_1_2_aarch64.whl", hash = "sha256:e85b752a1e912b70eaad4fafbd4d1238007ab221de2009b9a2f5ae7461239895", size = 17085145, upload-time = "2026-05-18T23:36:33.449Z" },
    { url = "https://files.pythonhosted.org/packages/f9/45/68d7c33a6bcf3e5aa3bdbd57a367e6f615286dfd6482f97e8ffeb734306e/numpy-2.4.6-cp314-cp314t-musllinux_1_2_x86_64.whl", hash = "sha256:29cb7f67d10b479ff07c17d33e39f78c07f71c40ef30d63c153d340e96cd3fb4", size = 18403813, upload-time = "2026-05-18T23:36:37.369Z" },
    { url = "https://files.pythonhosted.org/packages/1a/9c/c531f2293b91265d8b48e9b329f54fdd7ffae73cb4134ea10cca4237e9cc/numpy-2.4.6-pp311-pypy311_pp73-manylinux_2_27_aarch64.manylinux_2_28_aarch64.whl", hash = "sha256:5dbbdb29840ca3d91ee0fece42fc29278886d908280bfec0a5846c6f901a3eb0", size = 15798374, upload-time = "2026-05-18T23:37:02.674Z" },
    { url = "https://files.pythonhosted.org/packages/1a/b0/413077f6b1153ed3cba361401c6783bbad6114804a000cc22eb71c13e190/numpy-2.4.6-pp311-pypy311_pp73-manylinux_2_27_x86_64.manylinux_2_28_x86_64.whl", hash = "sha256:8ad03c0965fb3c692200e74d458ca28c1dbb4ce96f9a479a8aa041ad5fabca02", size = 16747286, upload-time = "2026-05-18T23:37:06.327Z" },
]

[[package]]
name = "numpy"
version = "2.5.2"
source = { registry = "https://pypi.org/simple" }
resolution-markers = [
    "python_full_version >= '3.12' and sys_platform == 'linux'",
]
sdist = { url = "https://files.pythonhosted.org/packages/9a/80/db0b4559e57ec36362bedbb05530a87fafbcb6067708c946967a41d449e7/numpy-2.5.2.tar.gz", hash = "sha256:d482d171c406ae88c5b19cad3b6a1c4c5209f886ab74bc44c2c865c23f52d860", size = 20773161, upload-time = "2026-08-09T13:48:27.962Z" }
wheels = [
    { url = "https://files.pythonhosted.org/packages/e5/21/4947e0e9d6c9fc2e2ff15b8949049ee44f63adb9cacc729ab8793f97e712/numpy-2.5.2-cp312-cp312-manylinux_2_27_aarch64.manylinux_2_28_aarch64.whl", hash = "sha256:8ee9c4eeb8454b3660a8b53493563c3e121c2fc94fbd72b848ef814ed7b676a9", size = 15612696, upload-time = "2026-08-09T13:45:04.151Z" },
    { url = "https://files.pythonhosted.org/packages/3a/5f/62d28cf019460c7f1394105b4d49d9911a9c444cb77ab0bd95a204c5a6de/numpy-2.5.2-cp312-cp312-manylinux_2_27_x86_64.manylinux_2_28_x86_64.whl", hash = "sha256:3cdec01fa790a186d430433fdd4d4ffb70eed6f0eeb4bf05c8dbe2dce0a9bcb8", size = 16722264, upload-time = "2026-08-09T13:45:07.714Z" },
    { url = "https://files.pythonhosted.org/packages/14/25/3f0be4c1b9fdf5dd5e708a6806978564d7c46a055c000496309ff2a2f8af/numpy-2.5.2-cp312-cp312-musllinux_1_2_aarch64.whl", hash = "sha256:7999d4ddb0c4025018373fd787510d46e04c769467af22869707b3c1cfd459ab", size = 16974396, upload-time = "2026-08-09T13:45:11.316Z" },
    { url = "https://files.pythonhosted.org/packages/22/72/6262cbdeeb45da9d971e40715f579d791603ba8ec0b5e2db1ac55454421d/numpy-2.5.2-cp312-cp312-musllinux_1_2_x86_64.whl", hash = "sha256:c1f017dc0875c9209d219f97feceb7d54c2661bb243deb4114478e1295808af7", size = 18476044, upload-time = "2026-08-09T13:45:14.869Z" },
    { url = "https://files.pythonhosted.org/packages/29/f1/2a64a307d92c5d98f5255a4014eb43bb6103ee477087b61ecae44a3aa9b9/numpy-2.5.2-cp313-cp313-manylinux_2_27_aarch64.manylinux_2_28_aarch64.whl", hash = "sha256:0aadf13b60048d501e05fa699efaf7734e2494f3498a4c2a5521d822640324f3", size = 15609566, upload-time = "2026-08-09T13:45:39.518Z" },
    { url = "https://files.pythonhosted.org/packages/7b/44/59a1eb68e773c4098d107ef34a0dbdeca501d72ffcfbff9a7707343921ce/numpy-2.5.2-cp313-cp313-manylinux_2_27_x86_64.manylinux_2_28_x86_64.whl", hash = "sha256:29b86ff8a6cc556b47ec6b64b194815cc80e6bf5eedcc6cddfd65318cb0b4eee", size = 16709995, upload-time = "2026-08-09T13:45:43.661Z" },
    { url = "https://files.pythonhosted.org/packages/8a/4c/3e54d4ddbc359a1295f8b633e8106bcd4d7d4a206e82df051bdfb3058755/numpy-2.5.2-cp313-cp313-musllinux_1_2_aarch64.whl", hash = "sha256:6950c4b7dd562453090548ba7f5da7e59f57f85663f15d5dcc60e249192f7e59", size = 16972511, upload-time = "2026-08-09T13:45:47.094Z" },
    { url = "https://files.pythonhosted.org/packages/f2/9f/02e371638ebf19b66d46231e4be52999e87f32d1961b113bc45656608b22/numpy-2.5.2-cp313-cp313-musllinux_1_2_x86_64.whl", hash = "sha256:b9727f472d2f3888053b8a75ab0cb94745a9de224bb5846dbadc0092101bc71d", size = 18465609, upload-time = "2026-08-09T13:45:50.808Z" },
    { url = "https://files.pythonhosted.org/packages/c4/3b/ecd49dd90033cceb2704d88ca905d4d7d89b0e8c739608754ffd325fa820/numpy-2.5.2-cp314-cp314-manylinux_2_27_aarch64.manylinux_2_28_aarch64.whl", hash = "sha256:50e500dc868e9313530ce12ba470fe50ff3afe3d62993ed6eff652dacd555b65", size = 15624501, upload-time = "2026-08-09T13:46:15.322Z" },
    { url = "https://files.pythonhosted.org/packages/c7/99/461bd36dbdfac6c1c53efa370bd55a83227542d0d118f1677dbf1a3dacd5/numpy-2.5.2-cp314-cp314-manylinux_2_27_x86_64.manylinux_2_28_x86_64.whl", hash = "sha256:318b9a4c845dbea06708a29c84ee429cc3065048db34cdb799047643492050ee", size = 16713701, upload-time = "2026-08-09T13:46:18.949Z" },
    { url = "https://files.pythonhosted.org/packages/f9/9c/2b251df9e8a5d647b62b0cbc1b90a91850c1cf4859ecb532fd0b4eacff6c/numpy-2.5.2-cp314-cp314-musllinux_1_2_aarch64.whl", hash = "sha256:34c319e2963be042673fb46570501b2f06c41924e17e3563d58646b4380dfb68", size = 16986065, upload-time = "2026-08-09T13:46:23.006Z" },
    { url = "https://files.pythonhosted.org/packages/8f/25/20de43f53ff1390534a124475055a19f01fe10c920a0fd11b8e18d6d6052/numpy-2.5.2-cp314-cp314-musllinux_1_2_x86_64.whl", hash = "sha256:f06571a052127dc1b4e8b83029b4d1b20daa2b64a31cdd181fc6bc774e9000eb", size = 18470031, upload-time = "2026-08-09T13:46:27.102Z" },
    { url = "https://files.pythonhosted.org/packages/e6/3a/20d7e9891c4ddfadd6ff8d95bf4b29f353d8e1770553de2099880551dfb9/numpy-2.5.2-cp314-cp314t-manylinux_2_27_aarch64.manylinux_2_28_aarch64.whl", hash = "sha256:6df895598c0edcb41030126c89e0f353b07d93238116143b7405e937359736c4", size = 15659154, upload-time = "2026-08-09T13:46:47.538Z" },
    { url = "https://files.pythonhosted.org/packages/aa/d6/f3aa3d2688bf501b858835c6bd087ae9b51a56ae6fca8e2b0990abd177af/numpy-2.5.2-cp314-cp314t-manylinux_2_27_x86_64.manylinux_2_28_x86_64.whl", hash = "sha256:1ab3d4a901f844ea836c3e80bf463c6a27d7f3c14e8e292fcf28d348b25b9bce", size = 16748909, upload-time = "2026-08-09T13:46:51.442Z" },
    { url = "https://files.pythonhosted.org/packages/7d/8f/1c5cae8d2baf86ab802ae97a00be55bc7e21ebc11b12bbc33376c5f05342/numpy-2.5.2-cp314-cp314t-musllinux_1_2_aarch64.whl", hash = "sha256:cebc2d6dbb605a7703d59751dea4bd6b0ab127a5a4338a6f432df1936fef8b26", size = 17027685, upload-time = "2026-08-09T13:46:55.095Z" },
    { url = "https://files.pythonhosted.org/packages/5c/27/71d3467404aedc1c24ce79610f91b52b0b0f466c43a701aa56fc75c145ab/numpy-2.5.2-cp314-cp314t-musllinux_1_2_x86_64.whl", hash = "sha256:eaca7ff36f0f52e2111ec71f169d8fd3e889e7ddc0d2592e0d703fd8d3ce8fac", size = 18501181, upload-time = "2026-08-09T13:46:59.09Z" },
    { url = "https://files.pythonhosted.org/packages/43/f3/acb18d8b137a393c8e7803a8c994c9e64bde3930692a69d826993113a159/numpy-2.5.2-cp315-cp315-manylinux_2_27_aarch64.manylinux_2_28_aarch64.whl", hash = "sha256:4ec954036759bcee3aa484f8603bd9c14f3e776293b85578b8734c2d72777c69", size = 15625850, upload-time = "2026-08-09T13:47:24.365Z" },
    { url = "https://files.pythonhosted.org/packages/a9/bf/a8e9bb0db815a0e265b5744ebedd3af0bd5faad8604e5b50a1cd012f3c91/numpy-2.5.2-cp315-cp315-manylinux_2_27_x86_64.manylinux_2_28_x86_64.whl", hash = "sha256:dc649493697006bc90614a5f0bbc8cb3cb1866715c474e473694968d7e6b99ab", size = 16713664, upload-time = "2026-08-09T13:47:27.965Z" },
    { url = "https://files.pythonhosted.org/packages/0c/c3/6e913736b3dd6582344af32418b5fb9dab34282e8a8174ae1d54ceb0fc13/numpy-2.5.2-cp315-cp315-musllinux_1_2_aarch64.whl", hash = "sha256:cf7de32f486e4ac9e2d93b810f9e9ac72a728dd46a32a0bb403222f27f653514", size = 16986749, upload-time = "2026-08-09T13:47:31.541Z" },
    { url = "https://files.pythonhosted.org/packages/80/09/7d3b23eff5c7428ef6c01e6f7052bb60d504c4d33e317b36b8959c24ad97/numpy-2.5.2-cp315-cp315-musllinux_1_2_x86_64.whl", hash = "sha256:2ffa7bacab3e2ee1b19ed31766bb60bb380b68c23f051e199c5cc598afd68710", size = 18470495, upload-time = "2026-08-09T13:47:35.364Z" },
    { url = "https://files.pythonhosted.org/packages/15/ea/c0dbdbcf22f43782510a3e492dd3da73c6112b69cac8929d16d127536fc4/numpy-2.5.2-cp315-cp315t-manylinux_2_27_aarch64.manylinux_2_28_aarch64.whl", hash = "sha256:a839318485284a6fb31be4f8f2c91c8f2cb22f4543c4a8903f12b0671ffe07cc", size = 15667096, upload-time = "2026-08-09T13:48:01.562Z" },
    { url = "https://files.pythonhosted.org/packages/fc/5e/29c73c31748cdb0f7566642125ba17fd5b56780cddf891b085dab27e4466/numpy-2.5.2-cp315-cp315t-manylinux_2_27_x86_64.manylinux_2_28_x86_64.whl", hash = "sha256:ba0a474801b8dc67b66bf465548abc90e82b44d2611b5770f33008dcabffe8ec", size = 16751730, upload-time = "2026-08-09T13:48:05.706Z" },
    { url = "https://files.pythonhosted.org/packages/47/95/02501e8454796bb58dadf7a99d3181e0b464bf264e1003039572f9779fac/numpy-2.5.2-cp315-cp315t-musllinux_1_2_aarch64.whl", hash = "sha256:0a4035ae1129ff8777f08bfbd44f1e5d8e9c049ce0c2dd78fc0d92c13e7251c0", size = 17038686, upload-time = "2026-08-09T13:48:09.627Z" },
    { url = "https://files.pythonhosted.org/packages/0e/b5/53a681d91b5c82687067d8ea5035e02d917b5509d6f334cb06484a954714/numpy-2.5.2-cp315-cp315t-musllinux_1_2_x86_64.whl", hash = "sha256:77843ca236b777e67f8d6b3660ea116e499612703a0ecd7093f316201eb9d8e2", size = 18507727, upload-time = "2026-08-09T13:48:13.744Z" },
]

[[package]]
name = "typing-extensions"
version = "4.16.0"
source = { registry = "https://pypi.org/simple" }
sdist = { url = "https://files.pythonhosted.org/packages/f6/cc/6253133b5bb138fc3306cebfbda2c520f545d36b5be2c7255cc528bb45d6/typing_extensions-4.16.0.tar.gz", hash = "sha256:dc983d19a509c94dba722ee6abd33940f7c05a89e243c47e907eb4db6f1a43e5", size = 113555, upload-time = "2026-07-02T08:40:05.92Z" }
wheels = [
    { url = "https://files.pythonhosted.org/packages/49/d3/b8441a820a491ddfc024b0b0cf0393375b75ea13866d9c66727e54c2fc80/typing_extensions-4.16.0-py3-none-any.whl", hash = "sha256:481caa481374e813c1b176ada14e97f1f67a4539ce9cfeb3f350d78d6370c2e8", size = 45571, upload-time = "2026-07-02T08:40:04.659Z" },
]

[[package]]
name = "uvdemo2"
version = "0.1.0"
source = { virtual = "." }
dependencies = [
    { name = "numpy", version = "2.2.6", source = { registry = "https://pypi.org/simple" }, marker = "python_full_version < '3.11' and sys_platform == 'linux'" },
    { name = "numpy", version = "2.4.6", source = { registry = "https://pypi.org/simple" }, marker = "python_full_version == '3.11.*' and sys_platform == 'linux'" },
    { name = "numpy", version = "2.5.2", source = { registry = "https://pypi.org/simple" }, marker = "python_full_version >= '3.12' and sys_platform == 'linux'" },
    { name = "typing-extensions", marker = "python_full_version < '3.12'" },
]

[package.metadata]
requires-dist = [
    { name = "numpy", marker = "sys_platform == 'linux'", specifier = ">=1.26" },
    { name = "typing-extensions", marker = "python_full_version < '3.12'" },
]
